
Microsoft Visual Studio Solution File, Format Version 12.00
# Visual Studio 15
VisualStudioVersion = 15.0.27703.2042
MinimumVisualStudioVersion = 10.0.40219.1
Project("{FAE04EC0-301F-11D3-BF4B-00C04F79EFBC}") = "ServerSocketChat", "ServerSocketChat\ServerSocketChat.csproj", "{AF686766-0D6D-4492-BA28-0E2620F371DF}"
EndProject
Project("{FAE04EC0-301F-11D3-BF4B-00C04F79EFBC}") = "ClientSocketChat", "ClientSocketChat\ClientSocketChat.csproj", "{F960134B-4269-4FD0-961E-27604775BE29}"
EndProject
Global
	GlobalSection(SolutionConfigurationPlatforms) = preSolution
		Debug|Any CPU = Debug|Any CPU
		Release|Any CPU = Release|Any CPU
	EndGlobalSection
	GlobalSection(ProjectConfigurationPlatforms) = postSolution
		{AF686766-0D6D-4492-BA28-0E2620F371DF}.Debug|Any CPU.ActiveCfg = Debug|Any CPU
		{AF686766-0D6D-4492-BA28-0E2620F371DF}.Debug|Any CPU.Build.0 = Debug|Any CPU
		{AF686766-0D6D-4492-BA28-0E2620F371DF}.Release|Any CPU.ActiveCfg = Release|Any CPU
		{AF686766-0D6D-4492-BA28-0E2620F371DF}.Release|Any CPU.Build.0 = Release|Any CPU
		{F960134B-4269-4FD0-961E-27604775BE29}.Debug|Any CPU.ActiveCfg = Debug|Any CPU
		{F960134B-4269-4FD0-961E-27604775BE29}.Debug|Any CPU.Build.0 = Debug|Any CPU
		{F960134B-4269-4FD0-961E-27604775BE29}.Release|Any CPU.ActiveCfg = Release|Any CPU
		{F960134B-4269-4FD0-961E-27604775BE29}.Release|Any CPU.Build.0 = Release|Any CPU
	EndGlobalSection
	GlobalSection(SolutionProperties) = preSolution
		HideSolutionNode = FALSE
	EndGlobalSection
	GlobalSection(ExtensibilityGlobals) = postSolution
		SolutionGuid = {51DA0EF2-8452-450C-91A0-8B45A001996D}
	EndGlobalSection
EndGlobal
